{
  "requires": true,
  "lockfileVersion": 1,
  "dependencies": {
    "opentok-layout-js": {
      "version": "3.8.0",
      "resolved": "https://registry.npmjs.org/opentok-layout-js/-/opentok-layout-js-3.8.0.tgz",
      "integrity": "sha512-7NjYYwW0pdLXFNcCNtJmJg8mRlFl111a6kn5wzt8L/vGa2094nANEkqZ2biYnR2UXo8XoTTbdCqcWpWloNb5xw=="
    }
  }
}
